{
  "requires": true,
  "lockfileVersion": 1,
  "dependencies": {
    "@ng-bootstrap/ng-bootstrap": {
      "version": "3.3.0",
      "resolved": "https://registry.npmjs.org/@ng-bootstrap/ng-bootstrap/-/ng-bootstrap-3.3.0.tgz",
      "integrity": "sha512-dwGptpWKe5BOw/WTOI1GTtG1xLLUKkMrzR1kjc236pj4hh4RBL3aYo4PZEagEH0orLRAM0xARVhMJmjaaPyT4g==",
      "requires": {
        "tslib": "^1.9.0"
      }
    },
    "angular-custom-modal": {
      "version": "1.2.0",
      "resolved": "https://registry.npmjs.org/angular-custom-modal/-/angular-custom-modal-1.2.0.tgz",
      "integrity": "sha512-EraMEdMV6OSSc5ds7IxWTRgw/pQo4tHKvnuPk9N1LuLN5S8jIhIQXj7IOuwKZ1GVtGqWtcJHznL1G/SIRWFI4g=="
    },
    "angular-file-uploader": {
      "version": "4.1.4",
      "resolved": "https://registry.npmjs.org/angular-file-uploader/-/angular-file-uploader-4.1.4.tgz",
      "integrity": "sha512-SV1ELrfKwSd6jxzsFsI7vVg6A30X2s94G1tUBWt5kGiE6T9DOzLjI5n15LTe0SSx75idr0DyiUdkw52l9DBg7w==",
      "requires": {
        "tslib": "^1.9.0"
      }
    },
    "angular-webstorage-service": {
      "version": "1.0.2",
      "resolved": "https://registry.npmjs.org/angular-webstorage-service/-/angular-webstorage-service-1.0.2.tgz",
      "integrity": "sha512-LPTAW+P3DlACdCfOd2Cpg4jqciIIfsIZjQafVl5IrjrcoplpUiOImrKo+R0jfVIZ/V04OJWKDDGqLm9YraDIcw=="
    },
    "angular2-multiselect-dropdown": {
      "version": "3.2.1",
      "resolved": "https://registry.npmjs.org/angular2-multiselect-dropdown/-/angular2-multiselect-dropdown-3.2.1.tgz",
      "integrity": "sha512-E2ZFkpeNq6vAwNwVZcwwioajs4N/bkG8KZMgS68HfP25yWSMZ9tYIPsHYW6rh8hus+Zm15Y/Cfih8DK0wrOsuw=="
    },
    "bootstrap": {
      "version": "4.1.3",
      "resolved": "https://registry.npmjs.org/bootstrap/-/bootstrap-4.1.3.tgz",
      "integrity": "sha512-rDFIzgXcof0jDyjNosjv4Sno77X4KuPeFxG2XZZv1/Kc8DRVGVADdoQyyOVDwPqL36DDmtCQbrpMCqvpPLJQ0w=="
    },
    "mydatepicker": {
      "version": "2.6.6",
      "resolved": "https://registry.npmjs.org/mydatepicker/-/mydatepicker-2.6.6.tgz",
      "integrity": "sha512-+rxmKtIDU18zgqksroeIkp6FXFHiHPx+rz0PBqoIZqyYDDK9xrCW9hnQi7yErtcukPRrWl4NCLF5LDp60YTCPA=="
    },
    "ng-multiselect-dropdown": {
      "version": "0.2.1",
      "resolved": "https://registry.npmjs.org/ng-multiselect-dropdown/-/ng-multiselect-dropdown-0.2.1.tgz",
      "integrity": "sha512-sOsfXoDdPNylw7OCz5/c4TWUbhwgYzUqZ/7e9OnyM4zQ6E3I5w9dFZK+JFbGSE/GyGU2yOxNVa0xOkeOf25b5w==",
      "requires": {
        "tslib": "^1.7.1"
      }
    },
    "tslib": {
      "version": "1.9.3",
      "resolved": "https://registry.npmjs.org/tslib/-/tslib-1.9.3.tgz",
      "integrity": "sha512-4krF8scpejhaOgqzBEcGM7yDIEfi0/8+8zDRZhNZZ2kjmHJ4hv3zCbQWxoJGz1iw5U0Jl0nma13xzHXcncMavQ=="
    }
  }
}
